
Microsoft Visual Studio Solution File, Format Version 12.00
# Visual Studio 15
VisualStudioVersion = 15.0.26124.0
MinimumVisualStudioVersion = 15.0.26124.0
Project("{2150E333-8FDC-42A3-9474-1A3956D46DE8}") = "src", "src", "{BC4252DA-82BE-41C6-B17F-994792594D4B}"
EndProject
Project("{FAE04EC0-301F-11D3-BF4B-00C04F79EFBC}") = "PalTracker", "src\PalTracker\PalTracker.csproj", "{0C876175-18B6-4F69-B468-5C6B3D74A840}"
EndProject
Project("{2150E333-8FDC-42A3-9474-1A3956D46DE8}") = "test", "test", "{72568D43-228B-463B-9BFF-964F8E2E1079}"
EndProject
Project("{FAE04EC0-301F-11D3-BF4B-00C04F79EFBC}") = "PalTrackerTests", "test\PalTrackerTests\PalTrackerTests.csproj", "{F7363077-D863-410C-A9A6-547E58024008}"
EndProject
Global
	GlobalSection(SolutionConfigurationPlatforms) = preSolution
		Debug|Any CPU = Debug|Any CPU
		Debug|x64 = Debug|x64
		Debug|x86 = Debug|x86
		Release|Any CPU = Release|Any CPU
		Release|x64 = Release|x64
		Release|x86 = Release|x86
	EndGlobalSection
	GlobalSection(SolutionProperties) = preSolution
		HideSolutionNode = FALSE
	EndGlobalSection
	GlobalSection(ProjectConfigurationPlatforms) = postSolution
		{0C876175-18B6-4F69-B468-5C6B3D74A840}.Debug|Any CPU.ActiveCfg = Debug|Any CPU
		{0C876175-18B6-4F69-B468-5C6B3D74A840}.Debug|Any CPU.Build.0 = Debug|Any CPU
		{0C876175-18B6-4F69-B468-5C6B3D74A840}.Debug|x64.ActiveCfg = Debug|Any CPU
		{0C876175-18B6-4F69-B468-5C6B3D74A840}.Debug|x64.Build.0 = Debug|Any CPU
		{0C876175-18B6-4F69-B468-5C6B3D74A840}.Debug|x86.ActiveCfg = Debug|Any CPU
		{0C876175-18B6-4F69-B468-5C6B3D74A840}.Debug|x86.Build.0 = Debug|Any CPU
		{0C876175-18B6-4F69-B468-5C6B3D74A840}.Release|Any CPU.ActiveCfg = Release|Any CPU
		{0C876175-18B6-4F69-B468-5C6B3D74A840}.Release|Any CPU.Build.0 = Release|Any CPU
		{0C876175-18B6-4F69-B468-5C6B3D74A840}.Release|x64.ActiveCfg = Release|Any CPU
		{0C876175-18B6-4F69-B468-5C6B3D74A840}.Release|x64.Build.0 = Release|Any CPU
		{0C876175-18B6-4F69-B468-5C6B3D74A840}.Release|x86.ActiveCfg = Release|Any CPU
		{0C876175-18B6-4F69-B468-5C6B3D74A840}.Release|x86.Build.0 = Release|Any CPU
		{F7363077-D863-410C-A9A6-547E58024008}.Debug|Any CPU.ActiveCfg = Debug|Any CPU
		{F7363077-D863-410C-A9A6-547E58024008}.Debug|Any CPU.Build.0 = Debug|Any CPU
		{F7363077-D863-410C-A9A6-547E58024008}.Debug|x64.ActiveCfg = Debug|Any CPU
		{F7363077-D863-410C-A9A6-547E58024008}.Debug|x64.Build.0 = Debug|Any CPU
		{F7363077-D863-410C-A9A6-547E58024008}.Debug|x86.ActiveCfg = Debug|Any CPU
		{F7363077-D863-410C-A9A6-547E58024008}.Debug|x86.Build.0 = Debug|Any CPU
		{F7363077-D863-410C-A9A6-547E58024008}.Release|Any CPU.ActiveCfg = Release|Any CPU
		{F7363077-D863-410C-A9A6-547E58024008}.Release|Any CPU.Build.0 = Release|Any CPU
		{F7363077-D863-410C-A9A6-547E58024008}.Release|x64.ActiveCfg = Release|Any CPU
		{F7363077-D863-410C-A9A6-547E58024008}.Release|x64.Build.0 = Release|Any CPU
		{F7363077-D863-410C-A9A6-547E58024008}.Release|x86.ActiveCfg = Release|Any CPU
		{F7363077-D863-410C-A9A6-547E58024008}.Release|x86.Build.0 = Release|Any CPU
	EndGlobalSection
	GlobalSection(NestedProjects) = preSolution
		{0C876175-18B6-4F69-B468-5C6B3D74A840} = {BC4252DA-82BE-41C6-B17F-994792594D4B}
		{F7363077-D863-410C-A9A6-547E58024008} = {72568D43-228B-463B-9BFF-964F8E2E1079}
	EndGlobalSection
EndGlobal
